
Microsoft Visual Studio Solution File, Format Version 12.00
# Visual Studio 15
VisualStudioVersion = 15.0.28307.1738
MinimumVisualStudioVersion = 10.0.40219.1
Project("{FAE04EC0-301F-11D3-BF4B-00C04F79EFBC}") = "DPICalc", "DPICalc\DPICalc.csproj", "{0BE1004B-4C98-44B8-A58A-DA47FB0C6140}"
EndProject
Global
	GlobalSection(SolutionConfigurationPlatforms) = preSolution
		Debug|Any CPU = Debug|Any CPU
		Release|Any CPU = Release|Any CPU
	EndGlobalSection
	GlobalSection(ProjectConfigurationPlatforms) = postSolution
		{0BE1004B-4C98-44B8-A58A-DA47FB0C6140}.Debug|Any CPU.ActiveCfg = Debug|Any CPU
		{0BE1004B-4C98-44B8-A58A-DA47FB0C6140}.Debug|Any CPU.Build.0 = Debug|Any CPU
		{0BE1004B-4C98-44B8-A58A-DA47FB0C6140}.Release|Any CPU.ActiveCfg = Release|Any CPU
		{0BE1004B-4C98-44B8-A58A-DA47FB0C6140}.Release|Any CPU.Build.0 = Release|Any CPU
	EndGlobalSection
	GlobalSection(SolutionProperties) = preSolution
		HideSolutionNode = FALSE
	EndGlobalSection
	GlobalSection(ExtensibilityGlobals) = postSolution
		SolutionGuid = {A662F8F8-A958-4502-9DF6-C5E66048EF1E}
	EndGlobalSection
EndGlobal
